
Microsoft Visual Studio Solution File, Format Version 12.00
# Visual Studio Version 16
VisualStudioVersion = 16.0.29418.71
MinimumVisualStudioVersion = 10.0.40219.1
Project("{FAE04EC0-301F-11D3-BF4B-00C04F79EFBC}") = "Test", "Test.csproj", "{6CEBFAEB-024F-455B-86D7-01EE0BFE76FB}"
EndProject
Global
	GlobalSection(SolutionConfigurationPlatforms) = preSolution
		Debug|Any CPU = Debug|Any CPU
		Release|Any CPU = Release|Any CPU
	EndGlobalSection
	GlobalSection(ProjectConfigurationPlatforms) = postSolution
		{6CEBFAEB-024F-455B-86D7-01EE0BFE76FB}.Debug|Any CPU.ActiveCfg = Debug|Any CPU
		{6CEBFAEB-024F-455B-86D7-01EE0BFE76FB}.Debug|Any CPU.Build.0 = Debug|Any CPU
		{6CEBFAEB-024F-455B-86D7-01EE0BFE76FB}.Release|Any CPU.ActiveCfg = Release|Any CPU
		{6CEBFAEB-024F-455B-86D7-01EE0BFE76FB}.Release|Any CPU.Build.0 = Release|Any CPU
	EndGlobalSection
	GlobalSection(SolutionProperties) = preSolution
		HideSolutionNode = FALSE
	EndGlobalSection
	GlobalSection(ExtensibilityGlobals) = postSolution
		SolutionGuid = {2BC36F7A-1D7B-4CE6-BEF0-93B8BD95A368}
	EndGlobalSection
EndGlobal
